
Microsoft Visual Studio Solution File, Format Version 12.00
# Visual Studio Version 17
VisualStudioVersion = 17.3.32819.101
MinimumVisualStudioVersion = 10.0.40219.1
Project("{FAE04EC0-301F-11D3-BF4B-00C04F79EFBC}") = "CustomSerializer", "CustomSerializer\CustomSerializer.csproj", "{E78860C4-91C3-45E0-829E-33C23773EC3C}"
EndProject
Global
	GlobalSection(SolutionConfigurationPlatforms) = preSolution
		Debug|Any CPU = Debug|Any CPU
		Release|Any CPU = Release|Any CPU
	EndGlobalSection
	GlobalSection(ProjectConfigurationPlatforms) = postSolution
		{E78860C4-91C3-45E0-829E-33C23773EC3C}.Debug|Any CPU.ActiveCfg = Debug|Any CPU
		{E78860C4-91C3-45E0-829E-33C23773EC3C}.Debug|Any CPU.Build.0 = Debug|Any CPU
		{E78860C4-91C3-45E0-829E-33C23773EC3C}.Release|Any CPU.ActiveCfg = Release|Any CPU
		{E78860C4-91C3-45E0-829E-33C23773EC3C}.Release|Any CPU.Build.0 = Release|Any CPU
	EndGlobalSection
	GlobalSection(SolutionProperties) = preSolution
		HideSolutionNode = FALSE
	EndGlobalSection
	GlobalSection(ExtensibilityGlobals) = postSolution
		SolutionGuid = {FDE94247-A4FD-47CE-8B87-B52D5472E087}
	EndGlobalSection
EndGlobal
